
Microsoft Visual Studio Solution File, Format Version 12.00
# Visual Studio Version 17
VisualStudioVersion = 17.14.36518.9 d17.14
MinimumVisualStudioVersion = 10.0.40219.1
Project("{FAE04EC0-301F-11D3-BF4B-00C04F79EFBC}") = "Video Editor", "Video Editor.csproj", "{4A8EEC81-E532-44CB-A960-BDD8AC52EC27}"
EndProject
Global
	GlobalSection(SolutionConfigurationPlatforms) = preSolution
		Debug|Any CPU = Debug|Any CPU
		Release|Any CPU = Release|Any CPU
	EndGlobalSection
	GlobalSection(ProjectConfigurationPlatforms) = postSolution
		{4A8EEC81-E532-44CB-A960-BDD8AC52EC27}.Debug|Any CPU.ActiveCfg = Debug|Any CPU
		{4A8EEC81-E532-44CB-A960-BDD8AC52EC27}.Debug|Any CPU.Build.0 = Debug|Any CPU
		{4A8EEC81-E532-44CB-A960-BDD8AC52EC27}.Release|Any CPU.ActiveCfg = Release|Any CPU
		{4A8EEC81-E532-44CB-A960-BDD8AC52EC27}.Release|Any CPU.Build.0 = Release|Any CPU
	EndGlobalSection
	GlobalSection(SolutionProperties) = preSolution
		HideSolutionNode = FALSE
	EndGlobalSection
	GlobalSection(ExtensibilityGlobals) = postSolution
		SolutionGuid = {6796EBCE-371B-491B-9D81-A2EE4CC07DC4}
	EndGlobalSection
EndGlobal
